
Microsoft Visual Studio Solution File, Format Version 12.00
# Visual Studio Version 16
VisualStudioVersion = 16.0.29709.97
MinimumVisualStudioVersion = 10.0.40219.1
Project("{FAE04EC0-301F-11D3-BF4B-00C04F79EFBC}") = "tabkatyApi", "tabkatyApi.csproj", "{5396BCF7-2B2F-4555-8544-7405345586A2}"
EndProject
Project("{2150E333-8FDC-42A3-9474-1A3956D46DE8}") = "Ui", "Ui", "{D1C12F6F-5F74-4897-9C4C-0F7F2DC8B183}"
EndProject
Project("{2150E333-8FDC-42A3-9474-1A3956D46DE8}") = "Infrastracutire", "Infrastracutire", "{47F1F966-ECE6-48D5-A14A-8DC8D1D7FCDF}"
EndProject
Project("{2150E333-8FDC-42A3-9474-1A3956D46DE8}") = "BoundedContext", "BoundedContext", "{016B6215-F767-411A-B9BC-15677D259AA5}"
EndProject
Project("{2150E333-8FDC-42A3-9474-1A3956D46DE8}") = "Main", "Main", "{BEA924EC-81AA-4367-A8AB-231FB2B7E5FA}"
EndProject
Project("{FAE04EC0-301F-11D3-BF4B-00C04F79EFBC}") = "Dto", "..\Dto\Dto.csproj", "{CBB56C84-2ECF-4731-9C2C-7ED2B102EAB7}"
EndProject
Project("{FAE04EC0-301F-11D3-BF4B-00C04F79EFBC}") = "Data", "..\Data\Data.csproj", "{DDBA61D8-E481-4D0B-998D-B7AD85DA8B81}"
EndProject
Project("{FAE04EC0-301F-11D3-BF4B-00C04F79EFBC}") = "Idata", "..\Idata\Idata.csproj", "{2B02AD53-C9A6-45F8-8589-23A2B9DC2DF6}"
EndProject
Project("{FAE04EC0-301F-11D3-BF4B-00C04F79EFBC}") = "Model", "..\Model\Model.csproj", "{14907E07-ADA6-4311-ABE5-23747A6E4365}"
EndProject
Project("{FAE04EC0-301F-11D3-BF4B-00C04F79EFBC}") = "SqlServer", "..\SqlServer\SqlServer.csproj", "{C100A5A1-F158-44DC-BF66-B489ABA2B8FB}"
EndProject
Project("{FAE04EC0-301F-11D3-BF4B-00C04F79EFBC}") = "Base", "..\Base\Base.csproj", "{EDD9B0DC-36DB-4A0D-AE8A-6418375946FB}"
EndProject
Global
	GlobalSection(SolutionConfigurationPlatforms) = preSolution
		Debug|Any CPU = Debug|Any CPU
		Release|Any CPU = Release|Any CPU
	EndGlobalSection
	GlobalSection(ProjectConfigurationPlatforms) = postSolution
		{5396BCF7-2B2F-4555-8544-7405345586A2}.Debug|Any CPU.ActiveCfg = Debug|Any CPU
		{5396BCF7-2B2F-4555-8544-7405345586A2}.Debug|Any CPU.Build.0 = Debug|Any CPU
		{5396BCF7-2B2F-4555-8544-7405345586A2}.Release|Any CPU.ActiveCfg = Release|Any CPU
		{5396BCF7-2B2F-4555-8544-7405345586A2}.Release|Any CPU.Build.0 = Release|Any CPU
		{CBB56C84-2ECF-4731-9C2C-7ED2B102EAB7}.Debug|Any CPU.ActiveCfg = Debug|Any CPU
		{CBB56C84-2ECF-4731-9C2C-7ED2B102EAB7}.Debug|Any CPU.Build.0 = Debug|Any CPU
		{CBB56C84-2ECF-4731-9C2C-7ED2B102EAB7}.Release|Any CPU.ActiveCfg = Release|Any CPU
		{CBB56C84-2ECF-4731-9C2C-7ED2B102EAB7}.Release|Any CPU.Build.0 = Release|Any CPU
		{DDBA61D8-E481-4D0B-998D-B7AD85DA8B81}.Debug|Any CPU.ActiveCfg = Debug|Any CPU
		{DDBA61D8-E481-4D0B-998D-B7AD85DA8B81}.Debug|Any CPU.Build.0 = Debug|Any CPU
		{DDBA61D8-E481-4D0B-998D-B7AD85DA8B81}.Release|Any CPU.ActiveCfg = Release|Any CPU
		{DDBA61D8-E481-4D0B-998D-B7AD85DA8B81}.Release|Any CPU.Build.0 = Release|Any CPU
		{2B02AD53-C9A6-45F8-8589-23A2B9DC2DF6}.Debug|Any CPU.ActiveCfg = Debug|Any CPU
		{2B02AD53-C9A6-45F8-8589-23A2B9DC2DF6}.Debug|Any CPU.Build.0 = Debug|Any CPU
		{2B02AD53-C9A6-45F8-8589-23A2B9DC2DF6}.Release|Any CPU.ActiveCfg = Release|Any CPU
		{2B02AD53-C9A6-45F8-8589-23A2B9DC2DF6}.Release|Any CPU.Build.0 = Release|Any CPU
		{14907E07-ADA6-4311-ABE5-23747A6E4365}.Debug|Any CPU.ActiveCfg = Debug|Any CPU
		{14907E07-ADA6-4311-ABE5-23747A6E4365}.Debug|Any CPU.Build.0 = Debug|Any CPU
		{14907E07-ADA6-4311-ABE5-23747A6E4365}.Release|Any CPU.ActiveCfg = Release|Any CPU
		{14907E07-ADA6-4311-ABE5-23747A6E4365}.Release|Any CPU.Build.0 = Release|Any CPU
		{C100A5A1-F158-44DC-BF66-B489ABA2B8FB}.Debug|Any CPU.ActiveCfg = Debug|Any CPU
		{C100A5A1-F158-44DC-BF66-B489ABA2B8FB}.Debug|Any CPU.Build.0 = Debug|Any CPU
		{C100A5A1-F158-44DC-BF66-B489ABA2B8FB}.Release|Any CPU.ActiveCfg = Release|Any CPU
		{C100A5A1-F158-44DC-BF66-B489ABA2B8FB}.Release|Any CPU.Build.0 = Release|Any CPU
		{EDD9B0DC-36DB-4A0D-AE8A-6418375946FB}.Debug|Any CPU.ActiveCfg = Debug|Any CPU
		{EDD9B0DC-36DB-4A0D-AE8A-6418375946FB}.Debug|Any CPU.Build.0 = Debug|Any CPU
		{EDD9B0DC-36DB-4A0D-AE8A-6418375946FB}.Release|Any CPU.ActiveCfg = Release|Any CPU
		{EDD9B0DC-36DB-4A0D-AE8A-6418375946FB}.Release|Any CPU.Build.0 = Release|Any CPU
	EndGlobalSection
	GlobalSection(SolutionProperties) = preSolution
		HideSolutionNode = FALSE
	EndGlobalSection
	GlobalSection(NestedProjects) = preSolution
		{5396BCF7-2B2F-4555-8544-7405345586A2} = {D1C12F6F-5F74-4897-9C4C-0F7F2DC8B183}
		{CBB56C84-2ECF-4731-9C2C-7ED2B102EAB7} = {BEA924EC-81AA-4367-A8AB-231FB2B7E5FA}
		{DDBA61D8-E481-4D0B-998D-B7AD85DA8B81} = {BEA924EC-81AA-4367-A8AB-231FB2B7E5FA}
		{2B02AD53-C9A6-45F8-8589-23A2B9DC2DF6} = {BEA924EC-81AA-4367-A8AB-231FB2B7E5FA}
		{14907E07-ADA6-4311-ABE5-23747A6E4365} = {47F1F966-ECE6-48D5-A14A-8DC8D1D7FCDF}
		{C100A5A1-F158-44DC-BF66-B489ABA2B8FB} = {47F1F966-ECE6-48D5-A14A-8DC8D1D7FCDF}
		{EDD9B0DC-36DB-4A0D-AE8A-6418375946FB} = {016B6215-F767-411A-B9BC-15677D259AA5}
	EndGlobalSection
	GlobalSection(ExtensibilityGlobals) = postSolution
		SolutionGuid = {7EC203CC-6E83-41F2-8484-CD7BD9833810}
	EndGlobalSection
EndGlobal
